
Microsoft Visual Studio Solution File, Format Version 12.00
# Visual Studio 15
VisualStudioVersion = 15.0.28010.2016
MinimumVisualStudioVersion = 10.0.40219.1
Project("{FAE04EC0-301F-11D3-BF4B-00C04F79EFBC}") = "InsertNumber", "InsertNumber\InsertNumber.csproj", "{3DE4C578-C699-48E6-A175-2686EEA34401}"
EndProject
Project("{FAE04EC0-301F-11D3-BF4B-00C04F79EFBC}") = "FindNextBiggerNumber", "FindNextBiggerNumber\FindNextBiggerNumber.csproj", "{BDF39E95-873F-476F-AB08-9DB8D757EC35}"
EndProject
Project("{FAE04EC0-301F-11D3-BF4B-00C04F79EFBC}") = "FindNextBiggerNumber.Tests", "FindNextBiggerNumber.Tests\FindNextBiggerNumber.Tests.csproj", "{156C0F6E-95FA-4011-8360-EFD8CBC7D892}"
EndProject
Project("{FAE04EC0-301F-11D3-BF4B-00C04F79EFBC}") = "InsertNumber.Tests", "InsertNumber.Tests\InsertNumber.Tests.csproj", "{AE59B0A4-3653-4BED-BCF0-186ECC6F98B7}"
EndProject
Project("{FAE04EC0-301F-11D3-BF4B-00C04F79EFBC}") = "FilterDigit", "FilterDigit\FilterDigit.csproj", "{23AD8A35-69E8-4D78-A4D9-086B9FD08B90}"
EndProject
Project("{FAE04EC0-301F-11D3-BF4B-00C04F79EFBC}") = "FilterDigit.Tests", "FilterDigit.Tests\FilterDigit.Tests.csproj", "{51B95D21-8D4E-4F26-A694-FEC7BDB890BC}"
EndProject
Project("{FAE04EC0-301F-11D3-BF4B-00C04F79EFBC}") = "FindNthRoot", "FindNthRoot\FindNthRoot.csproj", "{A1150AEC-7042-454B-AD65-250B6557A2F5}"
EndProject
Project("{FAE04EC0-301F-11D3-BF4B-00C04F79EFBC}") = "FindNthRoot.Tests", "FindNthRoot.Tests\FindNthRoot.Tests.csproj", "{A2DE17FF-2F10-4A44-8DFB-A5F332DB1149}"
EndProject
Global
	GlobalSection(SolutionConfigurationPlatforms) = preSolution
		Debug|Any CPU = Debug|Any CPU
		Release|Any CPU = Release|Any CPU
	EndGlobalSection
	GlobalSection(ProjectConfigurationPlatforms) = postSolution
		{3DE4C578-C699-48E6-A175-2686EEA34401}.Debug|Any CPU.ActiveCfg = Debug|Any CPU
		{3DE4C578-C699-48E6-A175-2686EEA34401}.Debug|Any CPU.Build.0 = Debug|Any CPU
		{3DE4C578-C699-48E6-A175-2686EEA34401}.Release|Any CPU.ActiveCfg = Release|Any CPU
		{3DE4C578-C699-48E6-A175-2686EEA34401}.Release|Any CPU.Build.0 = Release|Any CPU
		{BDF39E95-873F-476F-AB08-9DB8D757EC35}.Debug|Any CPU.ActiveCfg = Debug|Any CPU
		{BDF39E95-873F-476F-AB08-9DB8D757EC35}.Debug|Any CPU.Build.0 = Debug|Any CPU
		{BDF39E95-873F-476F-AB08-9DB8D757EC35}.Release|Any CPU.ActiveCfg = Release|Any CPU
		{BDF39E95-873F-476F-AB08-9DB8D757EC35}.Release|Any CPU.Build.0 = Release|Any CPU
		{156C0F6E-95FA-4011-8360-EFD8CBC7D892}.Debug|Any CPU.ActiveCfg = Debug|Any CPU
		{156C0F6E-95FA-4011-8360-EFD8CBC7D892}.Debug|Any CPU.Build.0 = Debug|Any CPU
		{156C0F6E-95FA-4011-8360-EFD8CBC7D892}.Release|Any CPU.ActiveCfg = Release|Any CPU
		{156C0F6E-95FA-4011-8360-EFD8CBC7D892}.Release|Any CPU.Build.0 = Release|Any CPU
		{AE59B0A4-3653-4BED-BCF0-186ECC6F98B7}.Debug|Any CPU.ActiveCfg = Debug|Any CPU
		{AE59B0A4-3653-4BED-BCF0-186ECC6F98B7}.Debug|Any CPU.Build.0 = Debug|Any CPU
		{AE59B0A4-3653-4BED-BCF0-186ECC6F98B7}.Release|Any CPU.ActiveCfg = Release|Any CPU
		{AE59B0A4-3653-4BED-BCF0-186ECC6F98B7}.Release|Any CPU.Build.0 = Release|Any CPU
		{23AD8A35-69E8-4D78-A4D9-086B9FD08B90}.Debug|Any CPU.ActiveCfg = Debug|Any CPU
		{23AD8A35-69E8-4D78-A4D9-086B9FD08B90}.Debug|Any CPU.Build.0 = Debug|Any CPU
		{23AD8A35-69E8-4D78-A4D9-086B9FD08B90}.Release|Any CPU.ActiveCfg = Release|Any CPU
		{23AD8A35-69E8-4D78-A4D9-086B9FD08B90}.Release|Any CPU.Build.0 = Release|Any CPU
		{51B95D21-8D4E-4F26-A694-FEC7BDB890BC}.Debug|Any CPU.ActiveCfg = Debug|Any CPU
		{51B95D21-8D4E-4F26-A694-FEC7BDB890BC}.Debug|Any CPU.Build.0 = Debug|Any CPU
		{51B95D21-8D4E-4F26-A694-FEC7BDB890BC}.Release|Any CPU.ActiveCfg = Release|Any CPU
		{51B95D21-8D4E-4F26-A694-FEC7BDB890BC}.Release|Any CPU.Build.0 = Release|Any CPU
		{A1150AEC-7042-454B-AD65-250B6557A2F5}.Debug|Any CPU.ActiveCfg = Debug|Any CPU
		{A1150AEC-7042-454B-AD65-250B6557A2F5}.Debug|Any CPU.Build.0 = Debug|Any CPU
		{A1150AEC-7042-454B-AD65-250B6557A2F5}.Release|Any CPU.ActiveCfg = Release|Any CPU
		{A1150AEC-7042-454B-AD65-250B6557A2F5}.Release|Any CPU.Build.0 = Release|Any CPU
		{A2DE17FF-2F10-4A44-8DFB-A5F332DB1149}.Debug|Any CPU.ActiveCfg = Debug|Any CPU
		{A2DE17FF-2F10-4A44-8DFB-A5F332DB1149}.Debug|Any CPU.Build.0 = Debug|Any CPU
		{A2DE17FF-2F10-4A44-8DFB-A5F332DB1149}.Release|Any CPU.ActiveCfg = Release|Any CPU
		{A2DE17FF-2F10-4A44-8DFB-A5F332DB1149}.Release|Any CPU.Build.0 = Release|Any CPU
	EndGlobalSection
	GlobalSection(SolutionProperties) = preSolution
		HideSolutionNode = FALSE
	EndGlobalSection
	GlobalSection(ExtensibilityGlobals) = postSolution
		SolutionGuid = {A36E8F8B-DEFD-4FF2-AC5D-E1A891CED575}
	EndGlobalSection
EndGlobal
